
Microsoft Visual Studio Solution File, Format Version 12.00
# Visual Studio Version 16
VisualStudioVersion = 16.0.29215.179
MinimumVisualStudioVersion = 10.0.40219.1
Project("{FAE04EC0-301F-11D3-BF4B-00C04F79EFBC}") = "FIT5032_Assignment", "FIT5032_Assignment.csproj", "{03851E15-881F-4CB3-A4CA-74C135C3E740}"
EndProject
Global
	GlobalSection(SolutionConfigurationPlatforms) = preSolution
		Debug|Any CPU = Debug|Any CPU
		Release|Any CPU = Release|Any CPU
	EndGlobalSection
	GlobalSection(ProjectConfigurationPlatforms) = postSolution
		{03851E15-881F-4CB3-A4CA-74C135C3E740}.Debug|Any CPU.ActiveCfg = Debug|Any CPU
		{03851E15-881F-4CB3-A4CA-74C135C3E740}.Debug|Any CPU.Build.0 = Debug|Any CPU
		{03851E15-881F-4CB3-A4CA-74C135C3E740}.Release|Any CPU.ActiveCfg = Release|Any CPU
		{03851E15-881F-4CB3-A4CA-74C135C3E740}.Release|Any CPU.Build.0 = Release|Any CPU
	EndGlobalSection
	GlobalSection(SolutionProperties) = preSolution
		HideSolutionNode = FALSE
	EndGlobalSection
	GlobalSection(ExtensibilityGlobals) = postSolution
		SolutionGuid = {44D9EF67-FCB5-4503-94FC-C1947A85C09E}
	EndGlobalSection
EndGlobal
